
Microsoft Visual Studio Solution File, Format Version 11.00
# Visual Studio 2010
Project("{8BC9CEB8-8B4A-11D0-8D11-00A0C91BC942}") = "NCALc", "QuantlibWrapper_vc10.vcxproj", "{21183104-9963-4D4F-B7E8-C8A6169FD053}"
EndProject
Global
	GlobalSection(SolutionConfigurationPlatforms) = preSolution
		Debug|Win32 = Debug|Win32
		Release|Win32 = Release|Win32
	EndGlobalSection
	GlobalSection(ProjectConfigurationPlatforms) = postSolution
		{21183104-9963-4D4F-B7E8-C8A6169FD053}.Debug|Win32.ActiveCfg = Debug|Win32
		{21183104-9963-4D4F-B7E8-C8A6169FD053}.Debug|Win32.Build.0 = Debug|Win32
		{21183104-9963-4D4F-B7E8-C8A6169FD053}.Release|Win32.ActiveCfg = Release|Win32
		{21183104-9963-4D4F-B7E8-C8A6169FD053}.Release|Win32.Build.0 = Release|Win32
	EndGlobalSection
	GlobalSection(SolutionProperties) = preSolution
		HideSolutionNode = FALSE
	EndGlobalSection
EndGlobal
